
Microsoft Visual Studio Solution File, Format Version 12.00
# Visual Studio Version 17
VisualStudioVersion = 17.14.36414.22
MinimumVisualStudioVersion = 10.0.40219.1
Project("{FAE04EC0-301F-11D3-BF4B-00C04F79EFBC}") = "LMStreamer", "app\LMStreamer.csproj", "{9CE641D3-EC72-46FB-93CF-ED4F9FAEC6F5}"
EndProject
Project("{FAE04EC0-301F-11D3-BF4B-00C04F79EFBC}") = "LeapMotion.Net", "LeapMotion.Net\LeapMotion.Net.csproj", "{25BFD832-7845-2F18-D7E9-21E03D82A45F}"
EndProject
Global
	GlobalSection(SolutionConfigurationPlatforms) = preSolution
		Debug|Any CPU = Debug|Any CPU
		Release|Any CPU = Release|Any CPU
	EndGlobalSection
	GlobalSection(ProjectConfigurationPlatforms) = postSolution
		{9CE641D3-EC72-46FB-93CF-ED4F9FAEC6F5}.Debug|Any CPU.ActiveCfg = Debug|Any CPU
		{9CE641D3-EC72-46FB-93CF-ED4F9FAEC6F5}.Debug|Any CPU.Build.0 = Debug|Any CPU
		{9CE641D3-EC72-46FB-93CF-ED4F9FAEC6F5}.Release|Any CPU.ActiveCfg = Release|Any CPU
		{9CE641D3-EC72-46FB-93CF-ED4F9FAEC6F5}.Release|Any CPU.Build.0 = Release|Any CPU
		{25BFD832-7845-2F18-D7E9-21E03D82A45F}.Debug|Any CPU.ActiveCfg = Debug|Any CPU
		{25BFD832-7845-2F18-D7E9-21E03D82A45F}.Debug|Any CPU.Build.0 = Debug|Any CPU
		{25BFD832-7845-2F18-D7E9-21E03D82A45F}.Release|Any CPU.ActiveCfg = Release|Any CPU
		{25BFD832-7845-2F18-D7E9-21E03D82A45F}.Release|Any CPU.Build.0 = Release|Any CPU
	EndGlobalSection
	GlobalSection(SolutionProperties) = preSolution
		HideSolutionNode = FALSE
	EndGlobalSection
	GlobalSection(ExtensibilityGlobals) = postSolution
		SolutionGuid = {F8FF9F65-DC20-4B0B-842A-178C9C1A1A6E}
	EndGlobalSection
EndGlobal
